// !$*UTF8*$!
{
	archiveVersion = 1;
	classes = {
	};
	objectVersion = 52;
	objects = {

/* Begin PBXBuildFile section */
		B90251AF27DA1EB700788065 /* WelcomeLabel.swift in Sources */ = {isa = PBXBuildFile; fileRef = B90251AE27DA1EB700788065 /* WelcomeLabel.swift */; };
		B90251B327DA205E00788065 /* CreateButton.swift in Sources */ = {isa = PBXBuildFile; fileRef = B90251B227DA205E00788065 /* CreateButton.swift */; };
		B90251B727DA221300788065 /* CreateLabel.swift in Sources */ = {isa = PBXBuildFile; fileRef = B90251B627DA221300788065 /* CreateLabel.swift */; };
		B90251BB27DA264B00788065 /* WarningLabel.swift in Sources */ = {isa = PBXBuildFile; fileRef = B90251BA27DA264B00788065 /* WarningLabel.swift */; };
		B90251BF27DA2F0900788065 /* CreateNewAccountLabel.swift in Sources */ = {isa = PBXBuildFile; fileRef = B90251BE27DA2F0900788065 /* CreateNewAccountLabel.swift */; };
		B90251C327DA3BF100788065 /* AddButton.swift in Sources */ = {isa = PBXBuildFile; fileRef = B90251C227DA3BF100788065 /* AddButton.swift */; };
		B90251C627DA3F1000788065 /* AddButton.swift in Sources */ = {isa = PBXBuildFile; fileRef = B90251C227DA3BF100788065 /* AddButton.swift */; };
		B90251CA27DA44A500788065 /* TripCellLabel.swift in Sources */ = {isa = PBXBuildFile; fileRef = B90251C927DA44A500788065 /* TripCellLabel.swift */; };
		B90251CE27DA477600788065 /* TotalSumLabel.swift in Sources */ = {isa = PBXBuildFile; fileRef = B90251CD27DA477600788065 /* TotalSumLabel.swift */; };
		B90251D427DB35E800788065 /* EditDeleteNoteButton.swift in Sources */ = {isa = PBXBuildFile; fileRef = B90251D327DB35E800788065 /* EditDeleteNoteButton.swift */; };
		B90251D827DB3AE500788065 /* LikeButton.swift in Sources */ = {isa = PBXBuildFile; fileRef = B90251D727DB3AE500788065 /* LikeButton.swift */; };
		B90251DE27DB3D7C00788065 /* BackButton.swift in Sources */ = {isa = PBXBuildFile; fileRef = B90251DD27DB3D7C00788065 /* BackButton.swift */; };
		B905759B279458BB001EA8D1 /* SectionLabel.swift in Sources */ = {isa = PBXBuildFile; fileRef = B905759A279458BB001EA8D1 /* SectionLabel.swift */; };
		B90632F227AFCF0900F0C2A5 /* NoteCellVewModel.swift in Sources */ = {isa = PBXBuildFile; fileRef = B9F296C427895C7F00844D6C /* NoteCellVewModel.swift */; };
		B90632F927AFE47E00F0C2A5 /* DetailNoteViewController.swift in Sources */ = {isa = PBXBuildFile; fileRef = B90632F827AFE47E00F0C2A5 /* DetailNoteViewController.swift */; };
		B90632FE27AFE47F00F0C2A5 /* DetailNoteViewController.swift in Sources */ = {isa = PBXBuildFile; fileRef = B90632F827AFE47E00F0C2A5 /* DetailNoteViewController.swift */; };
		B9072FEC27E8D1A9008BE67C /* SearchController.swift in Sources */ = {isa = PBXBuildFile; fileRef = B9072FEB27E8D1A9008BE67C /* SearchController.swift */; };
		B909AFDD277E3135006EFC38 /* Extension + UITextField.swift in Sources */ = {isa = PBXBuildFile; fileRef = B909AFDC277E3135006EFC38 /* Extension + UITextField.swift */; };
		B909AFE0277E437D006EFC38 /* Extension + UITextField.swift in Sources */ = {isa = PBXBuildFile; fileRef = B909AFDC277E3135006EFC38 /* Extension + UITextField.swift */; };
		B90A37E427784E830028B6F1 /* Extension + UIBarButtonItem.swift in Sources */ = {isa = PBXBuildFile; fileRef = B9DCF13D276BBE29007B0320 /* Extension + UIBarButtonItem.swift */; };
		B90B9A0C276D015A008DD627 /* TripTableViewCellViewModel.swift in Sources */ = {isa = PBXBuildFile; fileRef = B90B9A0B276D015A008DD627 /* TripTableViewCellViewModel.swift */; };
		B90DB426276F134B00F1A544 /* NoteModel.swift in Sources */ = {isa = PBXBuildFile; fileRef = B90DB425276F134B00F1A544 /* NoteModel.swift */; };
		B90DB42A276F137500F1A544 /* Category.swift in Sources */ = {isa = PBXBuildFile; fileRef = B90DB429276F137500F1A544 /* Category.swift */; };
		B90DB42E276F139700F1A544 /* Currency.swift in Sources */ = {isa = PBXBuildFile; fileRef = B90DB42D276F139700F1A544 /* Currency.swift */; };
		B90DB438276F14B100F1A544 /* DateFormatterService.swift in Sources */ = {isa = PBXBuildFile; fileRef = B90DB437276F14B100F1A544 /* DateFormatterService.swift */; };
		B90DB43C276F2D1500F1A544 /* Constants.swift in Sources */ = {isa = PBXBuildFile; fileRef = B90DB43B276F2D1500F1A544 /* Constants.swift */; };
		B90DB440276F323000F1A544 /* Extension + Formatter.swift in Sources */ = {isa = PBXBuildFile; fileRef = B90DB43F276F323000F1A544 /* Extension + Formatter.swift */; };
		B90DB444276F326000F1A544 /* Extension + Numeric.swift in Sources */ = {isa = PBXBuildFile; fileRef = B90DB443276F326000F1A544 /* Extension + Numeric.swift */; };
		B90DB44A276F532D00F1A544 /* NotesViewController.swift in Sources */ = {isa = PBXBuildFile; fileRef = B90DB449276F532D00F1A544 /* NotesViewController.swift */; };
		B90DB44F276F54F100F1A544 /* NotesViewModel.swift in Sources */ = {isa = PBXBuildFile; fileRef = B90DB44E276F54F100F1A544 /* NotesViewModel.swift */; };
		B90DB456276FB38D00F1A544 /* NotesViewController.swift in Sources */ = {isa = PBXBuildFile; fileRef = B90DB449276F532D00F1A544 /* NotesViewController.swift */; };
		B90DB459276FB39200F1A544 /* TripTableViewCellViewModel.swift in Sources */ = {isa = PBXBuildFile; fileRef = B90B9A0B276D015A008DD627 /* TripTableViewCellViewModel.swift */; };
		B90DB45A276FB39E00F1A544 /* NotesViewModel.swift in Sources */ = {isa = PBXBuildFile; fileRef = B90DB44E276F54F100F1A544 /* NotesViewModel.swift */; };
		B912CFEF27ADB60E00AE1FCE /* NotesCollectionView.swift in Sources */ = {isa = PBXBuildFile; fileRef = B912CFEE27ADB60E00AE1FCE /* NotesCollectionView.swift */; };
		B912CFF227ADB66B00AE1FCE /* NotesCollectionView.swift in Sources */ = {isa = PBXBuildFile; fileRef = B912CFEE27ADB60E00AE1FCE /* NotesCollectionView.swift */; };
		B919352C27F36C7B0095D1C9 /* FireBaseServiceErrors.swift in Sources */ = {isa = PBXBuildFile; fileRef = B919352B27F36C7B0095D1C9 /* FireBaseServiceErrors.swift */; };
		B91E813D2767A88E00D0748B /* AppDelegate.swift in Sources */ = {isa = PBXBuildFile; fileRef = B91E813C2767A88E00D0748B /* AppDelegate.swift */; };
		B91E813F2767A88E00D0748B /* SceneDelegate.swift in Sources */ = {isa = PBXBuildFile; fileRef = B91E813E2767A88E00D0748B /* SceneDelegate.swift */; };
		B91E81412767A88E00D0748B /* TripsViewController.swift in Sources */ = {isa = PBXBuildFile; fileRef = B91E81402767A88E00D0748B /* TripsViewController.swift */; };
		B91E81462767A88F00D0748B /* Assets.xcassets in Resources */ = {isa = PBXBuildFile; fileRef = B91E81452767A88F00D0748B /* Assets.xcassets */; };
		B91E81492767A88F00D0748B /* LaunchScreen.storyboard in Resources */ = {isa = PBXBuildFile; fileRef = B91E81472767A88F00D0748B /* LaunchScreen.storyboard */; };
		B91E81532767A9AC00D0748B /* TabBarViewController.swift in Sources */ = {isa = PBXBuildFile; fileRef = B91E81522767A9AC00D0748B /* TabBarViewController.swift */; };
		B91E81562767AA4F00D0748B /* FavouritesViewController.swift in Sources */ = {isa = PBXBuildFile; fileRef = B91E81552767AA4F00D0748B /* FavouritesViewController.swift */; };
		B938B1F127DB463D00E205C6 /* AdressButton.swift in Sources */ = {isa = PBXBuildFile; fileRef = B938B1F027DB463D00E205C6 /* AdressButton.swift */; };
		B938B1F527DB50B400E205C6 /* FileStorageService.swift in Sources */ = {isa = PBXBuildFile; fileRef = B938B1F427DB50B400E205C6 /* FileStorageService.swift */; };
		B938B1F927DB91C500E205C6 /* NoLabel.swift in Sources */ = {isa = PBXBuildFile; fileRef = B938B1F827DB91C400E205C6 /* NoLabel.swift */; };
		B938B1FD27DC99B600E205C6 /* Extension + UIViewController.swift in Sources */ = {isa = PBXBuildFile; fileRef = B938B1FC27DC99B600E205C6 /* Extension + UIViewController.swift */; };
		B93DD4B3279F186C00D91A08 /* AuthViewController.swift in Sources */ = {isa = PBXBuildFile; fileRef = B93DD4B2279F186C00D91A08 /* AuthViewController.swift */; };
		B93DD4B7279F19F400D91A08 /* AuthViewModel.swift in Sources */ = {isa = PBXBuildFile; fileRef = B93DD4B6279F19F400D91A08 /* AuthViewModel.swift */; };
		B93DD4BA279F1BCA00D91A08 /* AuthViewController.swift in Sources */ = {isa = PBXBuildFile; fileRef = B93DD4B2279F186C00D91A08 /* AuthViewController.swift */; };
		B93DD4BD279F1BCC00D91A08 /* AuthViewModel.swift in Sources */ = {isa = PBXBuildFile; fileRef = B93DD4B6279F19F400D91A08 /* AuthViewModel.swift */; };
		B93DD4C2279F23DA00D91A08 /* AuthTextField.swift in Sources */ = {isa = PBXBuildFile; fileRef = B93DD4C1279F23DA00D91A08 /* AuthTextField.swift */; };
		B93DD4C8279F284300D91A08 /* SignInButton.swift in Sources */ = {isa = PBXBuildFile; fileRef = B93DD4C7279F284300D91A08 /* SignInButton.swift */; };
		B94439D827B84E09000DF640 /* Animator.swift in Sources */ = {isa = PBXBuildFile; fileRef = B94439D727B84E09000DF640 /* Animator.swift */; };
		B949FB0D27AEE4C700590F0E /* NoteLabel.swift in Sources */ = {isa = PBXBuildFile; fileRef = B949FB0C27AEE4C600590F0E /* NoteLabel.swift */; };
		B949FB1027AEE4EA00590F0E /* NoteLabel.swift in Sources */ = {isa = PBXBuildFile; fileRef = B949FB0C27AEE4C600590F0E /* NoteLabel.swift */; };
		B949FB1927AEF0AE00590F0E /* Configurator.swift in Sources */ = {isa = PBXBuildFile; fileRef = B949FB1827AEF0AE00590F0E /* Configurator.swift */; };
		B949FB1E27AEF38800590F0E /* Configurator.swift in Sources */ = {isa = PBXBuildFile; fileRef = B949FB1827AEF0AE00590F0E /* Configurator.swift */; };
		B949FB2127AF1F7A00590F0E /* SceneDelegate.swift in Sources */ = {isa = PBXBuildFile; fileRef = B91E813E2767A88E00D0748B /* SceneDelegate.swift */; };
		B95F0BBF27B986FC008BCAF6 /* Animator.swift in Sources */ = {isa = PBXBuildFile; fileRef = B94439D727B84E09000DF640 /* Animator.swift */; };
		B95FBCC727D7D58F006FF5A8 /* WeatherViewController.swift in Sources */ = {isa = PBXBuildFile; fileRef = B95FBCC627D7D58F006FF5A8 /* WeatherViewController.swift */; };
		B95FBCD127D7D6D5006FF5A8 /* WeatherViewModel.swift in Sources */ = {isa = PBXBuildFile; fileRef = B95FBCD027D7D6D5006FF5A8 /* WeatherViewModel.swift */; };
		B95FBCD627D7D76C006FF5A8 /* WeatherViewController.swift in Sources */ = {isa = PBXBuildFile; fileRef = B95FBCC627D7D58F006FF5A8 /* WeatherViewController.swift */; };
		B95FBCD927D7D76F006FF5A8 /* WeatherViewModel.swift in Sources */ = {isa = PBXBuildFile; fileRef = B95FBCD027D7D6D5006FF5A8 /* WeatherViewModel.swift */; };
		B95FBCDD27D89050006FF5A8 /* CloseButton.swift in Sources */ = {isa = PBXBuildFile; fileRef = B95FBCDC27D89050006FF5A8 /* CloseButton.swift */; };
		B95FBCE327D893FC006FF5A8 /* CloseButton.swift in Sources */ = {isa = PBXBuildFile; fileRef = B95FBCDC27D89050006FF5A8 /* CloseButton.swift */; };
		B95FBCE927D89857006FF5A8 /* SlideInPresentationManager.swift in Sources */ = {isa = PBXBuildFile; fileRef = B95FBCE827D89857006FF5A8 /* SlideInPresentationManager.swift */; };
		B95FBCED27D89B13006FF5A8 /* SlideInPresentationController.swift in Sources */ = {isa = PBXBuildFile; fileRef = B95FBCEC27D89B13006FF5A8 /* SlideInPresentationController.swift */; };
		B95FBCF327D8ACA6006FF5A8 /* SlideInPresentationController.swift in Sources */ = {isa = PBXBuildFile; fileRef = B95FBCEC27D89B13006FF5A8 /* SlideInPresentationController.swift */; };
		B95FBCF827D8B686006FF5A8 /* Constants.swift in Sources */ = {isa = PBXBuildFile; fileRef = B90DB43B276F2D1500F1A544 /* Constants.swift */; };
		B95FBCFC27D8B709006FF5A8 /* NetworkWeatherManager.swift in Sources */ = {isa = PBXBuildFile; fileRef = B95FBCFB27D8B709006FF5A8 /* NetworkWeatherManager.swift */; };
		B95FBD0027D8B8AD006FF5A8 /* CurrentWeather.swift in Sources */ = {isa = PBXBuildFile; fileRef = B95FBCFF27D8B8AD006FF5A8 /* CurrentWeather.swift */; };
		B95FBD0427D8B8D1006FF5A8 /* CurrentWeatherData.swift in Sources */ = {isa = PBXBuildFile; fileRef = B95FBD0327D8B8D1006FF5A8 /* CurrentWeatherData.swift */; };
		B95FBD0827D8BAD1006FF5A8 /* CurrentWeather.swift in Sources */ = {isa = PBXBuildFile; fileRef = B95FBCFF27D8B8AD006FF5A8 /* CurrentWeather.swift */; };
		B95FBD0D27D8BAD6006FF5A8 /* CurrentWeatherData.swift in Sources */ = {isa = PBXBuildFile; fileRef = B95FBD0327D8B8D1006FF5A8 /* CurrentWeatherData.swift */; };
		B95FBD1227D90D5E006FF5A8 /* NetworkWeatherManager.swift in Sources */ = {isa = PBXBuildFile; fileRef = B95FBCFB27D8B709006FF5A8 /* NetworkWeatherManager.swift */; };
		B961212827934BDE00B7B81E /* NoteModel.swift in Sources */ = {isa = PBXBuildFile; fileRef = B90DB425276F134B00F1A544 /* NoteModel.swift */; };
		B961212D279351FB00B7B81E /* SelectionLabel.swift in Sources */ = {isa = PBXBuildFile; fileRef = B961212C279351FB00B7B81E /* SelectionLabel.swift */; };
		B96648792799D65F00F527E8 /* MapViewController.swift in Sources */ = {isa = PBXBuildFile; fileRef = B96648782799D65F00F527E8 /* MapViewController.swift */; };
		B966487E2799D66900F527E8 /* MapViewController.swift in Sources */ = {isa = PBXBuildFile; fileRef = B96648782799D65F00F527E8 /* MapViewController.swift */; };
		B9698F23279C4689005FB438 /* LocationSevice.swift in Sources */ = {isa = PBXBuildFile; fileRef = B9698F22279C4689005FB438 /* LocationSevice.swift */; };
		B9698F26279C52CC005FB438 /* LocationSevice.swift in Sources */ = {isa = PBXBuildFile; fileRef = B9698F22279C4689005FB438 /* LocationSevice.swift */; };
		B9698F29279C53B8005FB438 /* NewNoteViewModel.swift in Sources */ = {isa = PBXBuildFile; fileRef = B9FD6C0B278E043600311EF1 /* NewNoteViewModel.swift */; };
		B9698F2D279C5691005FB438 /* mapViewModel.swift in Sources */ = {isa = PBXBuildFile; fileRef = B9698F2C279C5691005FB438 /* mapViewModel.swift */; };
		B97374BF27AC5CBE000B208D /* FavouritesViewModel.swift in Sources */ = {isa = PBXBuildFile; fileRef = B97374BE27AC5CBE000B208D /* FavouritesViewModel.swift */; };
		B97374C227AC5CF8000B208D /* FavouritesViewModel.swift in Sources */ = {isa = PBXBuildFile; fileRef = B97374BE27AC5CBE000B208D /* FavouritesViewModel.swift */; };
		B98282D327A07BF3006EFED8 /* SignInButton.swift in Sources */ = {isa = PBXBuildFile; fileRef = B93DD4C7279F284300D91A08 /* SignInButton.swift */; };
		B98282D827A07C84006EFED8 /* NewAccountViewController.swift in Sources */ = {isa = PBXBuildFile; fileRef = B98282D727A07C84006EFED8 /* NewAccountViewController.swift */; };
		B98282DE27A07CB2006EFED8 /* NewAccountViewModel.swift in Sources */ = {isa = PBXBuildFile; fileRef = B98282DD27A07CB2006EFED8 /* NewAccountViewModel.swift */; };
		B98282E127A07CDA006EFED8 /* NewAccountViewModel.swift in Sources */ = {isa = PBXBuildFile; fileRef = B98282DD27A07CB2006EFED8 /* NewAccountViewModel.swift */; };
		B98282E427A082CE006EFED8 /* NewAccountViewController.swift in Sources */ = {isa = PBXBuildFile; fileRef = B98282D727A07C84006EFED8 /* NewAccountViewController.swift */; };
		B9863ABB27C1371F00BE6337 /* FireBaseService.swift in Sources */ = {isa = PBXBuildFile; fileRef = B9863ABA27C1371F00BE6337 /* FireBaseService.swift */; };
		B9863ABF27C1374100BE6337 /* AuthService.swift in Sources */ = {isa = PBXBuildFile; fileRef = B9863ABE27C1374100BE6337 /* AuthService.swift */; };
		B9A0EF6B2774DDCE00DE65E2 /* SelectionButton.swift in Sources */ = {isa = PBXBuildFile; fileRef = B9A0EF6A2774DDCE00DE65E2 /* SelectionButton.swift */; };
		B9AA39D227BAC96800CD48E9 /* FirebaseAnalytics in Frameworks */ = {isa = PBXBuildFile; productRef = B9AA39D127BAC96800CD48E9 /* FirebaseAnalytics */; };
		B9AA39D427BAC96800CD48E9 /* FirebaseAuth in Frameworks */ = {isa = PBXBuildFile; productRef = B9AA39D327BAC96800CD48E9 /* FirebaseAuth */; };
		B9AA39D627BAC96800CD48E9 /* FirebaseFirestore in Frameworks */ = {isa = PBXBuildFile; productRef = B9AA39D527BAC96800CD48E9 /* FirebaseFirestore */; settings = {ATTRIBUTES = (Required, ); }; };
		B9AA39D927BACF9B00CD48E9 /* AppDelegate.swift in Sources */ = {isa = PBXBuildFile; fileRef = B91E813C2767A88E00D0748B /* AppDelegate.swift */; };
		B9AA39DF27BAD08A00CD48E9 /* GoogleService-Info.plist in Resources */ = {isa = PBXBuildFile; fileRef = B9AA39DE27BAD08A00CD48E9 /* GoogleService-Info.plist */; };
		B9AA39E027BAD08A00CD48E9 /* GoogleService-Info.plist in Resources */ = {isa = PBXBuildFile; fileRef = B9AA39DE27BAD08A00CD48E9 /* GoogleService-Info.plist */; };
		B9C2F1F527E08E9600A38B18 /* TabBarViewModel.swift in Sources */ = {isa = PBXBuildFile; fileRef = B9C2F1F427E08E9600A38B18 /* TabBarViewModel.swift */; };
		B9D9C8AF27C3EDF70003D34C /* FireBaseService.swift in Sources */ = {isa = PBXBuildFile; fileRef = B9863ABA27C1371F00BE6337 /* FireBaseService.swift */; };
		B9D9FC11278F390B007710B4 /* NewNoteViewController.swift in Sources */ = {isa = PBXBuildFile; fileRef = B9FD6C07278E040900311EF1 /* NewNoteViewController.swift */; };
		B9D9FC14278F4E1D007710B4 /* SelectionButton.swift in Sources */ = {isa = PBXBuildFile; fileRef = B9A0EF6A2774DDCE00DE65E2 /* SelectionButton.swift */; };
		B9DCF135276BAFF8007B0320 /* TripsViewModel.swift in Sources */ = {isa = PBXBuildFile; fileRef = B9DCF134276BAFF8007B0320 /* TripsViewModel.swift */; };
		B9DCF13E276BBE29007B0320 /* Extension + UIBarButtonItem.swift in Sources */ = {isa = PBXBuildFile; fileRef = B9DCF13D276BBE29007B0320 /* Extension + UIBarButtonItem.swift */; };
		B9DE0D412768FD6400805E4C /* TripModel.swift in Sources */ = {isa = PBXBuildFile; fileRef = B9DE0D402768FD6400805E4C /* TripModel.swift */; };
		B9DE0D4A2768FD7900805E4C /* TripNotesTests.swift in Sources */ = {isa = PBXBuildFile; fileRef = B9DE0D492768FD7900805E4C /* TripNotesTests.swift */; };
		B9DE0D532768FDA800805E4C /* TripsViewController.swift in Sources */ = {isa = PBXBuildFile; fileRef = B91E81402767A88E00D0748B /* TripsViewController.swift */; };
		B9DE0D562768FDAB00805E4C /* TripTableViewCell.swift in Sources */ = {isa = PBXBuildFile; fileRef = B9F39E042767D28600DAFB4C /* TripTableViewCell.swift */; };
		B9DE0D592768FDAE00805E4C /* TabBarViewController.swift in Sources */ = {isa = PBXBuildFile; fileRef = B91E81522767A9AC00D0748B /* TabBarViewController.swift */; };
		B9DE0D5C2768FDB100805E4C /* FavouritesViewController.swift in Sources */ = {isa = PBXBuildFile; fileRef = B91E81552767AA4F00D0748B /* FavouritesViewController.swift */; };
		B9DE0D5F2768FDB800805E4C /* TripModel.swift in Sources */ = {isa = PBXBuildFile; fileRef = B9DE0D402768FD6400805E4C /* TripModel.swift */; };
		B9E85C3D276E6468004FD1D8 /* Extension + UIStackView.swift in Sources */ = {isa = PBXBuildFile; fileRef = B9E85C3C276E6468004FD1D8 /* Extension + UIStackView.swift */; };
		B9E8670F27E1D3CF00C97E5E /* KeyboardHelper.swift in Sources */ = {isa = PBXBuildFile; fileRef = B9E8670E27E1D3CF00C97E5E /* KeyboardHelper.swift */; };
		B9EA410B27777D9A00CC173A /* NewTripViewModel.swift in Sources */ = {isa = PBXBuildFile; fileRef = B9FB611B2772339500126A59 /* NewTripViewModel.swift */; };
		B9EBFB05277A3EDE00746A0A /* Extension + UIButton.swift in Sources */ = {isa = PBXBuildFile; fileRef = B9EBFB04277A3EDE00746A0A /* Extension + UIButton.swift */; };
		B9EBFB0A277A3EEA00746A0A /* Extension + UIButton.swift in Sources */ = {isa = PBXBuildFile; fileRef = B9EBFB04277A3EDE00746A0A /* Extension + UIButton.swift */; };
		B9F018982770DF1D006F2DE7 /* TripsViewModel.swift in Sources */ = {isa = PBXBuildFile; fileRef = B9DCF134276BAFF8007B0320 /* TripsViewModel.swift */; };
		B9F296C127895C4300844D6C /* NoteCell.swift in Sources */ = {isa = PBXBuildFile; fileRef = B9F296C027895C4300844D6C /* NoteCell.swift */; };
		B9F296C527895C7F00844D6C /* NoteCellVewModel.swift in Sources */ = {isa = PBXBuildFile; fileRef = B9F296C427895C7F00844D6C /* NoteCellVewModel.swift */; };
		B9F296C8278964CE00844D6C /* NoteCell.swift in Sources */ = {isa = PBXBuildFile; fileRef = B9F296C027895C4300844D6C /* NoteCell.swift */; };
		B9F39E052767D28600DAFB4C /* TripTableViewCell.swift in Sources */ = {isa = PBXBuildFile; fileRef = B9F39E042767D28600DAFB4C /* TripTableViewCell.swift */; };
		B9F39E082767D47A00DAFB4C /* Extension + UIColor.swift in Sources */ = {isa = PBXBuildFile; fileRef = B9F39E072767D47A00DAFB4C /* Extension + UIColor.swift */; };
		B9F63C5C27CA29F00021F02F /* AuthService.swift in Sources */ = {isa = PBXBuildFile; fileRef = B9863ABE27C1374100BE6337 /* AuthService.swift */; };
		B9FB61182772336700126A59 /* NewTripViewController.swift in Sources */ = {isa = PBXBuildFile; fileRef = B9FB61172772336700126A59 /* NewTripViewController.swift */; };
		B9FB611C2772339500126A59 /* NewTripViewModel.swift in Sources */ = {isa = PBXBuildFile; fileRef = B9FB611B2772339500126A59 /* NewTripViewModel.swift */; };
		B9FB611F277236B400126A59 /* NewTripViewController.swift in Sources */ = {isa = PBXBuildFile; fileRef = B9FB61172772336700126A59 /* NewTripViewController.swift */; };
		B9FB61242772617000126A59 /* CustomTextField.swift in Sources */ = {isa = PBXBuildFile; fileRef = B9FB61232772617000126A59 /* CustomTextField.swift */; };
		B9FCE18E279D8A4900E06739 /* mapViewModel.swift in Sources */ = {isa = PBXBuildFile; fileRef = B9698F2C279C5691005FB438 /* mapViewModel.swift */; };
		B9FD6C08278E040900311EF1 /* NewNoteViewController.swift in Sources */ = {isa = PBXBuildFile; fileRef = B9FD6C07278E040900311EF1 /* NewNoteViewController.swift */; };
		B9FD6C0C278E043600311EF1 /* NewNoteViewModel.swift in Sources */ = {isa = PBXBuildFile; fileRef = B9FD6C0B278E043600311EF1 /* NewNoteViewModel.swift */; };
/* End PBXBuildFile section */

/* Begin PBXContainerItemProxy section */
		B9DE0D4C2768FD7900805E4C /* PBXContainerItemProxy */ = {
			isa = PBXContainerItemProxy;
			containerPortal = B91E81312767A88E00D0748B /* Project object */;
			proxyType = 1;
			remoteGlobalIDString = B91E81382767A88E00D0748B;
			remoteInfo = TripNotes;
		};
/* End PBXContainerItemProxy section */

/* Begin PBXFileReference section */
		B90251AE27DA1EB700788065 /* WelcomeLabel.swift */ = {isa = PBXFileReference; lastKnownFileType = sourcecode.swift; path = WelcomeLabel.swift; sourceTree = "<group>"; };
		B90251B227DA205E00788065 /* CreateButton.swift */ = {isa = PBXFileReference; lastKnownFileType = sourcecode.swift; path = CreateButton.swift; sourceTree = "<group>"; };
		B90251B627DA221300788065 /* CreateLabel.swift */ = {isa = PBXFileReference; lastKnownFileType = sourcecode.swift; path = CreateLabel.swift; sourceTree = "<group>"; };
		B90251BA27DA264B00788065 /* WarningLabel.swift */ = {isa = PBXFileReference; lastKnownFileType = sourcecode.swift; path = WarningLabel.swift; sourceTree = "<group>"; };
		B90251BE27DA2F0900788065 /* CreateNewAccountLabel.swift */ = {isa = PBXFileReference; lastKnownFileType = sourcecode.swift; path = CreateNewAccountLabel.swift; sourceTree = "<group>"; };
		B90251C227DA3BF100788065 /* AddButton.swift */ = {isa = PBXFileReference; lastKnownFileType = sourcecode.swift; path = AddButton.swift; sourceTree = "<group>"; };
		B90251C927DA44A500788065 /* TripCellLabel.swift */ = {isa = PBXFileReference; lastKnownFileType = sourcecode.swift; path = TripCellLabel.swift; sourceTree = "<group>"; };
		B90251CD27DA477600788065 /* TotalSumLabel.swift */ = {isa = PBXFileReference; lastKnownFileType = sourcecode.swift; path = TotalSumLabel.swift; sourceTree = "<group>"; };
		B90251D327DB35E800788065 /* EditDeleteNoteButton.swift */ = {isa = PBXFileReference; lastKnownFileType = sourcecode.swift; path = EditDeleteNoteButton.swift; sourceTree = "<group>"; };
		B90251D727DB3AE500788065 /* LikeButton.swift */ = {isa = PBXFileReference; lastKnownFileType = sourcecode.swift; path = LikeButton.swift; sourceTree = "<group>"; };
		B90251DD27DB3D7C00788065 /* BackButton.swift */ = {isa = PBXFileReference; lastKnownFileType = sourcecode.swift; path = BackButton.swift; sourceTree = "<group>"; };
		B905759A279458BB001EA8D1 /* SectionLabel.swift */ = {isa = PBXFileReference; lastKnownFileType = sourcecode.swift; path = SectionLabel.swift; sourceTree = "<group>"; };
		B90632F827AFE47E00F0C2A5 /* DetailNoteViewController.swift */ = {isa = PBXFileReference; lastKnownFileType = sourcecode.swift; path = DetailNoteViewController.swift; sourceTree = "<group>"; };
		B9072FEB27E8D1A9008BE67C /* SearchController.swift */ = {isa = PBXFileReference; lastKnownFileType = sourcecode.swift; path = SearchController.swift; sourceTree = "<group>"; };
		B909AFDC277E3135006EFC38 /* Extension + UITextField.swift */ = {isa = PBXFileReference; lastKnownFileType = sourcecode.swift; path = "Extension + UITextField.swift"; sourceTree = "<group>"; };
		B90B9A0B276D015A008DD627 /* TripTableViewCellViewModel.swift */ = {isa = PBXFileReference; lastKnownFileType = sourcecode.swift; path = TripTableViewCellViewModel.swift; sourceTree = "<group>"; };
		B90DB425276F134B00F1A544 /* NoteModel.swift */ = {isa = PBXFileReference; lastKnownFileType = sourcecode.swift; path = NoteModel.swift; sourceTree = "<group>"; };
		B90DB429276F137500F1A544 /* Category.swift */ = {isa = PBXFileReference; lastKnownFileType = sourcecode.swift; path = Category.swift; sourceTree = "<group>"; };
		B90DB42D276F139700F1A544 /* Currency.swift */ = {isa = PBXFileReference; lastKnownFileType = sourcecode.swift; path = Currency.swift; sourceTree = "<group>"; };
		B90DB437276F14B100F1A544 /* DateFormatterService.swift */ = {isa = PBXFileReference; lastKnownFileType = sourcecode.swift; path = DateFormatterService.swift; sourceTree = "<group>"; };
		B90DB43B276F2D1500F1A544 /* Constants.swift */ = {isa = PBXFileReference; lastKnownFileType = sourcecode.swift; path = Constants.swift; sourceTree = "<group>"; };
		B90DB43F276F323000F1A544 /* Extension + Formatter.swift */ = {isa = PBXFileReference; lastKnownFileType = sourcecode.swift; path = "Extension + Formatter.swift"; sourceTree = "<group>"; };
		B90DB443276F326000F1A544 /* Extension + Numeric.swift */ = {isa = PBXFileReference; lastKnownFileType = sourcecode.swift; path = "Extension + Numeric.swift"; sourceTree = "<group>"; };
		B90DB449276F532D00F1A544 /* NotesViewController.swift */ = {isa = PBXFileReference; lastKnownFileType = sourcecode.swift; path = NotesViewController.swift; sourceTree = "<group>"; };
		B90DB44E276F54F100F1A544 /* NotesViewModel.swift */ = {isa = PBXFileReference; lastKnownFileType = sourcecode.swift; path = NotesViewModel.swift; sourceTree = "<group>"; };
		B912CFEE27ADB60E00AE1FCE /* NotesCollectionView.swift */ = {isa = PBXFileReference; lastKnownFileType = sourcecode.swift; path = NotesCollectionView.swift; sourceTree = "<group>"; };
		B919352B27F36C7B0095D1C9 /* FireBaseServiceErrors.swift */ = {isa = PBXFileReference; lastKnownFileType = sourcecode.swift; path = FireBaseServiceErrors.swift; sourceTree = "<group>"; };
		B91E81392767A88E00D0748B /* TripNotes.app */ = {isa = PBXFileReference; explicitFileType = wrapper.application; includeInIndex = 0; path = TripNotes.app; sourceTree = BUILT_PRODUCTS_DIR; };
		B91E813C2767A88E00D0748B /* AppDelegate.swift */ = {isa = PBXFileReference; lastKnownFileType = sourcecode.swift; path = AppDelegate.swift; sourceTree = "<group>"; };
		B91E813E2767A88E00D0748B /* SceneDelegate.swift */ = {isa = PBXFileReference; lastKnownFileType = sourcecode.swift; path = SceneDelegate.swift; sourceTree = "<group>"; };
		B91E81402767A88E00D0748B /* TripsViewController.swift */ = {isa = PBXFileReference; lastKnownFileType = sourcecode.swift; path = TripsViewController.swift; sourceTree = "<group>"; };
		B91E81452767A88F00D0748B /* Assets.xcassets */ = {isa = PBXFileReference; lastKnownFileType = folder.assetcatalog; path = Assets.xcassets; sourceTree = "<group>"; };
		B91E81482767A88F00D0748B /* Base */ = {isa = PBXFileReference; lastKnownFileType = file.storyboard; name = Base; path = Base.lproj/LaunchScreen.storyboard; sourceTree = "<group>"; };
		B91E814A2767A88F00D0748B /* Info.plist */ = {isa = PBXFileReference; lastKnownFileType = text.plist.xml; path = Info.plist; sourceTree = "<group>"; };
		B91E81522767A9AC00D0748B /* TabBarViewController.swift */ = {isa = PBXFileReference; lastKnownFileType = sourcecode.swift; path = TabBarViewController.swift; sourceTree = "<group>"; };
		B91E81552767AA4F00D0748B /* FavouritesViewController.swift */ = {isa = PBXFileReference; lastKnownFileType = sourcecode.swift; path = FavouritesViewController.swift; sourceTree = "<group>"; };
		B938B1F027DB463D00E205C6 /* AdressButton.swift */ = {isa = PBXFileReference; lastKnownFileType = sourcecode.swift; path = AdressButton.swift; sourceTree = "<group>"; };
		B938B1F427DB50B400E205C6 /* FileStorageService.swift */ = {isa = PBXFileReference; lastKnownFileType = sourcecode.swift; path = FileStorageService.swift; sourceTree = "<group>"; };
		B938B1F827DB91C400E205C6 /* NoLabel.swift */ = {isa = PBXFileReference; lastKnownFileType = sourcecode.swift; path = NoLabel.swift; sourceTree = "<group>"; };
		B938B1FC27DC99B600E205C6 /* Extension + UIViewController.swift */ = {isa = PBXFileReference; lastKnownFileType = sourcecode.swift; path = "Extension + UIViewController.swift"; sourceTree = "<group>"; };
		B93DD4B2279F186C00D91A08 /* AuthViewController.swift */ = {isa = PBXFileReference; lastKnownFileType = sourcecode.swift; path = AuthViewController.swift; sourceTree = "<group>"; };
		B93DD4B6279F19F400D91A08 /* AuthViewModel.swift */ = {isa = PBXFileReference; lastKnownFileType = sourcecode.swift; path = AuthViewModel.swift; sourceTree = "<group>"; };
		B93DD4C1279F23DA00D91A08 /* AuthTextField.swift */ = {isa = PBXFileReference; lastKnownFileType = sourcecode.swift; path = AuthTextField.swift; sourceTree = "<group>"; };
		B93DD4C7279F284300D91A08 /* SignInButton.swift */ = {isa = PBXFileReference; lastKnownFileType = sourcecode.swift; path = SignInButton.swift; sourceTree = "<group>"; };
		B94439D727B84E09000DF640 /* Animator.swift */ = {isa = PBXFileReference; lastKnownFileType = sourcecode.swift; path = Animator.swift; sourceTree = "<group>"; };
		B949FB0C27AEE4C600590F0E /* NoteLabel.swift */ = {isa = PBXFileReference; lastKnownFileType = sourcecode.swift; path = NoteLabel.swift; sourceTree = "<group>"; };
		B949FB1827AEF0AE00590F0E /* Configurator.swift */ = {isa = PBXFileReference; lastKnownFileType = sourcecode.swift; path = Configurator.swift; sourceTree = "<group>"; };
		B95FBCC627D7D58F006FF5A8 /* WeatherViewController.swift */ = {isa = PBXFileReference; lastKnownFileType = sourcecode.swift; path = WeatherViewController.swift; sourceTree = "<group>"; };
		B95FBCD027D7D6D5006FF5A8 /* WeatherViewModel.swift */ = {isa = PBXFileReference; lastKnownFileType = sourcecode.swift; path = WeatherViewModel.swift; sourceTree = "<group>"; };
		B95FBCDC27D89050006FF5A8 /* CloseButton.swift */ = {isa = PBXFileReference; lastKnownFileType = sourcecode.swift; path = CloseButton.swift; sourceTree = "<group>"; };
		B95FBCE827D89857006FF5A8 /* SlideInPresentationManager.swift */ = {isa = PBXFileReference; lastKnownFileType = sourcecode.swift; path = SlideInPresentationManager.swift; sourceTree = "<group>"; };
		B95FBCEC27D89B13006FF5A8 /* SlideInPresentationController.swift */ = {isa = PBXFileReference; lastKnownFileType = sourcecode.swift; path = SlideInPresentationController.swift; sourceTree = "<group>"; };
		B95FBCFB27D8B709006FF5A8 /* NetworkWeatherManager.swift */ = {isa = PBXFileReference; lastKnownFileType = sourcecode.swift; path = NetworkWeatherManager.swift; sourceTree = "<group>"; };
		B95FBCFF27D8B8AD006FF5A8 /* CurrentWeather.swift */ = {isa = PBXFileReference; lastKnownFileType = sourcecode.swift; path = CurrentWeather.swift; sourceTree = "<group>"; };
		B95FBD0327D8B8D1006FF5A8 /* CurrentWeatherData.swift */ = {isa = PBXFileReference; lastKnownFileType = sourcecode.swift; path = CurrentWeatherData.swift; sourceTree = "<group>"; };
		B961212C279351FB00B7B81E /* SelectionLabel.swift */ = {isa = PBXFileReference; lastKnownFileType = sourcecode.swift; path = SelectionLabel.swift; sourceTree = "<group>"; };
		B96648782799D65F00F527E8 /* MapViewController.swift */ = {isa = PBXFileReference; lastKnownFileType = sourcecode.swift; path = MapViewController.swift; sourceTree = "<group>"; };
		B9698F22279C4689005FB438 /* LocationSevice.swift */ = {isa = PBXFileReference; lastKnownFileType = sourcecode.swift; path = LocationSevice.swift; sourceTree = "<group>"; };
		B9698F2C279C5691005FB438 /* mapViewModel.swift */ = {isa = PBXFileReference; lastKnownFileType = sourcecode.swift; path = mapViewModel.swift; sourceTree = "<group>"; };
		B97374BE27AC5CBE000B208D /* FavouritesViewModel.swift */ = {isa = PBXFileReference; lastKnownFileType = sourcecode.swift; path = FavouritesViewModel.swift; sourceTree = "<group>"; };
		B98282D727A07C84006EFED8 /* NewAccountViewController.swift */ = {isa = PBXFileReference; lastKnownFileType = sourcecode.swift; path = NewAccountViewController.swift; sourceTree = "<group>"; };
		B98282DD27A07CB2006EFED8 /* NewAccountViewModel.swift */ = {isa = PBXFileReference; lastKnownFileType = sourcecode.swift; path = NewAccountViewModel.swift; sourceTree = "<group>"; };
		B9863ABA27C1371F00BE6337 /* FireBaseService.swift */ = {isa = PBXFileReference; lastKnownFileType = sourcecode.swift; path = FireBaseService.swift; sourceTree = "<group>"; };
		B9863ABE27C1374100BE6337 /* AuthService.swift */ = {isa = PBXFileReference; lastKnownFileType = sourcecode.swift; path = AuthService.swift; sourceTree = "<group>"; };
		B9A0EF6A2774DDCE00DE65E2 /* SelectionButton.swift */ = {isa = PBXFileReference; lastKnownFileType = sourcecode.swift; path = SelectionButton.swift; sourceTree = "<group>"; };
		B9AA39DE27BAD08A00CD48E9 /* GoogleService-Info.plist */ = {isa = PBXFileReference; fileEncoding = 4; lastKnownFileType = text.plist.xml; path = "GoogleService-Info.plist"; sourceTree = "<group>"; };
		B9C2F1F427E08E9600A38B18 /* TabBarViewModel.swift */ = {isa = PBXFileReference; lastKnownFileType = sourcecode.swift; path = TabBarViewModel.swift; sourceTree = "<group>"; };
		B9DCF134276BAFF8007B0320 /* TripsViewModel.swift */ = {isa = PBXFileReference; lastKnownFileType = sourcecode.swift; path = TripsViewModel.swift; sourceTree = "<group>"; };
		B9DCF13D276BBE29007B0320 /* Extension + UIBarButtonItem.swift */ = {isa = PBXFileReference; lastKnownFileType = sourcecode.swift; path = "Extension + UIBarButtonItem.swift"; sourceTree = "<group>"; };
		B9DE0D402768FD6400805E4C /* TripModel.swift */ = {isa = PBXFileReference; lastKnownFileType = sourcecode.swift; path = TripModel.swift; sourceTree = "<group>"; };
		B9DE0D472768FD7900805E4C /* TripNotesTests.xctest */ = {isa = PBXFileReference; explicitFileType = wrapper.cfbundle; includeInIndex = 0; path = TripNotesTests.xctest; sourceTree = BUILT_PRODUCTS_DIR; };
		B9DE0D492768FD7900805E4C /* TripNotesTests.swift */ = {isa = PBXFileReference; lastKnownFileType = sourcecode.swift; path = TripNotesTests.swift; sourceTree = "<group>"; };
		B9DE0D4B2768FD7900805E4C /* Info.plist */ = {isa = PBXFileReference; lastKnownFileType = text.plist.xml; path = Info.plist; sourceTree = "<group>"; };
		B9E85C3C276E6468004FD1D8 /* Extension + UIStackView.swift */ = {isa = PBXFileReference; lastKnownFileType = sourcecode.swift; path = "Extension + UIStackView.swift"; sourceTree = "<group>"; };
		B9E8670E27E1D3CF00C97E5E /* KeyboardHelper.swift */ = {isa = PBXFileReference; lastKnownFileType = sourcecode.swift; path = KeyboardHelper.swift; sourceTree = "<group>"; };
		B9EBFB04277A3EDE00746A0A /* Extension + UIButton.swift */ = {isa = PBXFileReference; lastKnownFileType = sourcecode.swift; path = "Extension + UIButton.swift"; sourceTree = "<group>"; };
		B9F296C027895C4300844D6C /* NoteCell.swift */ = {isa = PBXFileReference; lastKnownFileType = sourcecode.swift; path = NoteCell.swift; sourceTree = "<group>"; };
		B9F296C427895C7F00844D6C /* NoteCellVewModel.swift */ = {isa = PBXFileReference; lastKnownFileType = sourcecode.swift; path = NoteCellVewModel.swift; sourceTree = "<group>"; };
		B9F39E042767D28600DAFB4C /* TripTableViewCell.swift */ = {isa = PBXFileReference; lastKnownFileType = sourcecode.swift; path = TripTableViewCell.swift; sourceTree = "<group>"; };
		B9F39E072767D47A00DAFB4C /* Extension + UIColor.swift */ = {isa = PBXFileReference; lastKnownFileType = sourcecode.swift; path = "Extension + UIColor.swift"; sourceTree = "<group>"; };
		B9FB61172772336700126A59 /* NewTripViewController.swift */ = {isa = PBXFileReference; lastKnownFileType = sourcecode.swift; path = NewTripViewController.swift; sourceTree = "<group>"; };
		B9FB611B2772339500126A59 /* NewTripViewModel.swift */ = {isa = PBXFileReference; lastKnownFileType = sourcecode.swift; path = NewTripViewModel.swift; sourceTree = "<group>"; };
		B9FB61232772617000126A59 /* CustomTextField.swift */ = {isa = PBXFileReference; lastKnownFileType = sourcecode.swift; path = CustomTextField.swift; sourceTree = "<group>"; };
		B9FD6C07278E040900311EF1 /* NewNoteViewController.swift */ = {isa = PBXFileReference; lastKnownFileType = sourcecode.swift; path = NewNoteViewController.swift; sourceTree = "<group>"; };
		B9FD6C0B278E043600311EF1 /* NewNoteViewModel.swift */ = {isa = PBXFileReference; lastKnownFileType = sourcecode.swift; path = NewNoteViewModel.swift; sourceTree = "<group>"; };
/* End PBXFileReference section */

/* Begin PBXFrameworksBuildPhase section */
		B91E81362767A88E00D0748B /* Frameworks */ = {
			isa = PBXFrameworksBuildPhase;
			buildActionMask = 2147483647;
			files = (
				B9AA39D227BAC96800CD48E9 /* FirebaseAnalytics in Frameworks */,
				B9AA39D427BAC96800CD48E9 /* FirebaseAuth in Frameworks */,
				B9AA39D627BAC96800CD48E9 /* FirebaseFirestore in Frameworks */,
			);
			runOnlyForDeploymentPostprocessing = 0;
		};
		B9DE0D442768FD7900805E4C /* Frameworks */ = {
			isa = PBXFrameworksBuildPhase;
			buildActionMask = 2147483647;
			files = (
			);
			runOnlyForDeploymentPostprocessing = 0;
		};
/* End PBXFrameworksBuildPhase section */

/* Begin PBXGroup section */
		B90632F727AFE46200F0C2A5 /* DetailsNote */ = {
			isa = PBXGroup;
			children = (
				B90632F827AFE47E00F0C2A5 /* DetailNoteViewController.swift */,
			);
			path = DetailsNote;
			sourceTree = "<group>";
		};
		B90DB424276F132C00F1A544 /* Notes */ = {
			isa = PBXGroup;
			children = (
				B90DB449276F532D00F1A544 /* NotesViewController.swift */,
				B90DB44E276F54F100F1A544 /* NotesViewModel.swift */,
				B9F296BF27895C2500844D6C /* Cell */,
				B90DB44D276F54D500F1A544 /* Model */,
			);
			path = Notes;
			sourceTree = "<group>";
		};
		B90DB431276F13AF00F1A544 /* Model */ = {
			isa = PBXGroup;
			children = (
				B9DE0D402768FD6400805E4C /* TripModel.swift */,
				B90DB42D276F139700F1A544 /* Currency.swift */,
			);
			path = Model;
			sourceTree = "<group>";
		};
		B90DB436276F147000F1A544 /* Services */ = {
			isa = PBXGroup;
			children = (
				B919352A27F36C5B0095D1C9 /* FireBaseService */,
				B95FBCFB27D8B709006FF5A8 /* NetworkWeatherManager.swift */,
				B90DB437276F14B100F1A544 /* DateFormatterService.swift */,
				B9698F22279C4689005FB438 /* LocationSevice.swift */,
				B94439D727B84E09000DF640 /* Animator.swift */,
				B9863ABE27C1374100BE6337 /* AuthService.swift */,
				B938B1F427DB50B400E205C6 /* FileStorageService.swift */,
			);
			path = Services;
			sourceTree = "<group>";
		};
		B90DB44D276F54D500F1A544 /* Model */ = {
			isa = PBXGroup;
			children = (
				B90DB425276F134B00F1A544 /* NoteModel.swift */,
				B90DB429276F137500F1A544 /* Category.swift */,
			);
			path = Model;
			sourceTree = "<group>";
		};
		B919352A27F36C5B0095D1C9 /* FireBaseService */ = {
			isa = PBXGroup;
			children = (
				B9863ABA27C1371F00BE6337 /* FireBaseService.swift */,
				B919352B27F36C7B0095D1C9 /* FireBaseServiceErrors.swift */,
			);
			path = FireBaseService;
			sourceTree = "<group>";
		};
		B91E81302767A88E00D0748B = {
			isa = PBXGroup;
			children = (
				B91E813B2767A88E00D0748B /* TripNotes */,
				B9DE0D482768FD7900805E4C /* TripNotesTests */,
				B91E813A2767A88E00D0748B /* Products */,
			);
			sourceTree = "<group>";
		};
		B91E813A2767A88E00D0748B /* Products */ = {
			isa = PBXGroup;
			children = (
				B91E81392767A88E00D0748B /* TripNotes.app */,
				B9DE0D472768FD7900805E4C /* TripNotesTests.xctest */,
			);
			name = Products;
			sourceTree = "<group>";
		};
		B91E813B2767A88E00D0748B /* TripNotes */ = {
			isa = PBXGroup;
			children = (
				B91E813C2767A88E00D0748B /* AppDelegate.swift */,
				B91E813E2767A88E00D0748B /* SceneDelegate.swift */,
				B949FB1727AEF05E00590F0E /* Configurator */,
				B93DD4B1279F184F00D91A08 /* Auth */,
				B98282D627A07C56006EFED8 /* New account */,
				B9DCF13A276BB6F0007B0320 /* TabBar */,
				B9DE0D64276900DC00805E4C /* Trips */,
				B90DB424276F132C00F1A544 /* Notes */,
				B90632F727AFE46200F0C2A5 /* DetailsNote */,
				B9DE0D65276900F700805E4C /* Favourites */,
				B9FB61162772334000126A59 /* NewTrip */,
				B9FD6C0F278E045B00311EF1 /* New Note */,
				B96648772799D63100F527E8 /* Map */,
				B95FBCCA27D7D599006FF5A8 /* Weather */,
				B95FBCF027D8ABD1006FF5A8 /* Presentation */,
				B90DB436276F147000F1A544 /* Services */,
				B9F39E0A2767D47F00DAFB4C /* Extensions */,
				B95FBCE027D89354006FF5A8 /* SubViews */,
				B9E8671627E1E2C100C97E5E /* Helpers */,
				B91E81452767A88F00D0748B /* Assets.xcassets */,
				B91E81472767A88F00D0748B /* LaunchScreen.storyboard */,
				B91E814A2767A88F00D0748B /* Info.plist */,
				B9AA39DE27BAD08A00CD48E9 /* GoogleService-Info.plist */,
			);
			path = TripNotes;
			sourceTree = "<group>";
		};
		B93DD4B1279F184F00D91A08 /* Auth */ = {
			isa = PBXGroup;
			children = (
				B93DD4B2279F186C00D91A08 /* AuthViewController.swift */,
				B93DD4B6279F19F400D91A08 /* AuthViewModel.swift */,
			);
			path = Auth;
			sourceTree = "<group>";
		};
		B949FB1727AEF05E00590F0E /* Configurator */ = {
			isa = PBXGroup;
			children = (
				B949FB1827AEF0AE00590F0E /* Configurator.swift */,
			);
			path = Configurator;
			sourceTree = "<group>";
		};
		B95FBCCA27D7D599006FF5A8 /* Weather */ = {
			isa = PBXGroup;
			children = (
				B95FBCC627D7D58F006FF5A8 /* WeatherViewController.swift */,
				B95FBCD027D7D6D5006FF5A8 /* WeatherViewModel.swift */,
				B95FBD0727D8BAC7006FF5A8 /* Model */,
			);
			path = Weather;
			sourceTree = "<group>";
		};
		B95FBCE027D89354006FF5A8 /* SubViews */ = {
			isa = PBXGroup;
			children = (
				B905759A279458BB001EA8D1 /* SectionLabel.swift */,
				B961212C279351FB00B7B81E /* SelectionLabel.swift */,
				B93DD4C7279F284300D91A08 /* SignInButton.swift */,
				B93DD4C1279F23DA00D91A08 /* AuthTextField.swift */,
				B9A0EF6A2774DDCE00DE65E2 /* SelectionButton.swift */,
				B9FB61232772617000126A59 /* CustomTextField.swift */,
				B912CFEE27ADB60E00AE1FCE /* NotesCollectionView.swift */,
				B949FB0C27AEE4C600590F0E /* NoteLabel.swift */,
				B95FBCDC27D89050006FF5A8 /* CloseButton.swift */,
				B90251AE27DA1EB700788065 /* WelcomeLabel.swift */,
				B90251B227DA205E00788065 /* CreateButton.swift */,
				B90251B627DA221300788065 /* CreateLabel.swift */,
				B90251BA27DA264B00788065 /* WarningLabel.swift */,
				B90251BE27DA2F0900788065 /* CreateNewAccountLabel.swift */,
				B90251C227DA3BF100788065 /* AddButton.swift */,
				B90251C927DA44A500788065 /* TripCellLabel.swift */,
				B90251CD27DA477600788065 /* TotalSumLabel.swift */,
				B90251D327DB35E800788065 /* EditDeleteNoteButton.swift */,
				B90251D727DB3AE500788065 /* LikeButton.swift */,
				B90251DD27DB3D7C00788065 /* BackButton.swift */,
				B938B1F027DB463D00E205C6 /* AdressButton.swift */,
				B938B1F827DB91C400E205C6 /* NoLabel.swift */,
				B9072FEB27E8D1A9008BE67C /* SearchController.swift */,
			);
			path = SubViews;
			sourceTree = "<group>";
		};
		B95FBCF027D8ABD1006FF5A8 /* Presentation */ = {
			isa = PBXGroup;
			children = (
				B95FBCE827D89857006FF5A8 /* SlideInPresentationManager.swift */,
				B95FBCEC27D89B13006FF5A8 /* SlideInPresentationController.swift */,
			);
			path = Presentation;
			sourceTree = "<group>";
		};
		B95FBD0727D8BAC7006FF5A8 /* Model */ = {
			isa = PBXGroup;
			children = (
				B95FBCFF27D8B8AD006FF5A8 /* CurrentWeather.swift */,
				B95FBD0327D8B8D1006FF5A8 /* CurrentWeatherData.swift */,
			);
			path = Model;
			sourceTree = "<group>";
		};
		B96648772799D63100F527E8 /* Map */ = {
			isa = PBXGroup;
			children = (
				B96648782799D65F00F527E8 /* MapViewController.swift */,
				B9698F2C279C5691005FB438 /* mapViewModel.swift */,
			);
			path = Map;
			sourceTree = "<group>";
		};
		B98282D627A07C56006EFED8 /* New account */ = {
			isa = PBXGroup;
			children = (
				B98282D727A07C84006EFED8 /* NewAccountViewController.swift */,
				B98282DD27A07CB2006EFED8 /* NewAccountViewModel.swift */,
			);
			path = "New account";
			sourceTree = "<group>";
		};
		B9DCF13A276BB6F0007B0320 /* TabBar */ = {
			isa = PBXGroup;
			children = (
				B91E81522767A9AC00D0748B /* TabBarViewController.swift */,
				B9C2F1F427E08E9600A38B18 /* TabBarViewModel.swift */,
			);
			path = TabBar;
			sourceTree = "<group>";
		};
		B9DE0D482768FD7900805E4C /* TripNotesTests */ = {
			isa = PBXGroup;
			children = (
				B9DE0D492768FD7900805E4C /* TripNotesTests.swift */,
				B9DE0D4B2768FD7900805E4C /* Info.plist */,
			);
			path = TripNotesTests;
			sourceTree = "<group>";
		};
		B9DE0D64276900DC00805E4C /* Trips */ = {
			isa = PBXGroup;
			children = (
				B91E81402767A88E00D0748B /* TripsViewController.swift */,
				B9DCF134276BAFF8007B0320 /* TripsViewModel.swift */,
				B90DB431276F13AF00F1A544 /* Model */,
				B9DE0D682769024D00805E4C /* TripsCell */,
			);
			path = Trips;
			sourceTree = "<group>";
		};
		B9DE0D65276900F700805E4C /* Favourites */ = {
			isa = PBXGroup;
			children = (
				B91E81552767AA4F00D0748B /* FavouritesViewController.swift */,
				B97374BE27AC5CBE000B208D /* FavouritesViewModel.swift */,
				B9E8671D27E2343D00C97E5E /* Cell */,
			);
			path = Favourites;
			sourceTree = "<group>";
		};
		B9DE0D682769024D00805E4C /* TripsCell */ = {
			isa = PBXGroup;
			children = (
				B9F39E042767D28600DAFB4C /* TripTableViewCell.swift */,
				B90B9A0B276D015A008DD627 /* TripTableViewCellViewModel.swift */,
			);
			path = TripsCell;
			sourceTree = "<group>";
		};
		B9E8671627E1E2C100C97E5E /* Helpers */ = {
			isa = PBXGroup;
			children = (
				B90DB43B276F2D1500F1A544 /* Constants.swift */,
				B9E8670E27E1D3CF00C97E5E /* KeyboardHelper.swift */,
			);
			path = Helpers;
			sourceTree = "<group>";
		};
		B9E8671D27E2343D00C97E5E /* Cell */ = {
			isa = PBXGroup;
			children = (
			);
			path = Cell;
			sourceTree = "<group>";
		};
		B9F296BF27895C2500844D6C /* Cell */ = {
			isa = PBXGroup;
			children = (
				B9F296C027895C4300844D6C /* NoteCell.swift */,
				B9F296C427895C7F00844D6C /* NoteCellVewModel.swift */,
			);
			path = Cell;
			sourceTree = "<group>";
		};
		B9F39E0A2767D47F00DAFB4C /* Extensions */ = {
			isa = PBXGroup;
			children = (
				B9F39E072767D47A00DAFB4C /* Extension + UIColor.swift */,
				B9DCF13D276BBE29007B0320 /* Extension + UIBarButtonItem.swift */,
				B9E85C3C276E6468004FD1D8 /* Extension + UIStackView.swift */,
				B90DB43F276F323000F1A544 /* Extension + Formatter.swift */,
				B90DB443276F326000F1A544 /* Extension + Numeric.swift */,
				B9EBFB04277A3EDE00746A0A /* Extension + UIButton.swift */,
				B909AFDC277E3135006EFC38 /* Extension + UITextField.swift */,
				B938B1FC27DC99B600E205C6 /* Extension + UIViewController.swift */,
			);
			path = Extensions;
			sourceTree = "<group>";
		};
		B9FB61162772334000126A59 /* NewTrip */ = {
			isa = PBXGroup;
			children = (
				B9FB61172772336700126A59 /* NewTripViewController.swift */,
				B9FB611B2772339500126A59 /* NewTripViewModel.swift */,
			);
			path = NewTrip;
			sourceTree = "<group>";
		};
		B9FD6C0F278E045B00311EF1 /* New Note */ = {
			isa = PBXGroup;
			children = (
				B9FD6C07278E040900311EF1 /* NewNoteViewController.swift */,
				B9FD6C0B278E043600311EF1 /* NewNoteViewModel.swift */,
			);
			path = "New Note";
			sourceTree = "<group>";
		};
/* End PBXGroup section */

/* Begin PBXNativeTarget section */
		B91E81382767A88E00D0748B /* TripNotes */ = {
			isa = PBXNativeTarget;
			buildConfigurationList = B91E814D2767A88F00D0748B /* Build configuration list for PBXNativeTarget "TripNotes" */;
			buildPhases = (
				B91E81352767A88E00D0748B /* Sources */,
				B91E81362767A88E00D0748B /* Frameworks */,
				B91E81372767A88E00D0748B /* Resources */,
			);
			buildRules = (
			);
			dependencies = (
			);
			name = TripNotes;
			packageProductDependencies = (
				B9AA39D127BAC96800CD48E9 /* FirebaseAnalytics */,
				B9AA39D327BAC96800CD48E9 /* FirebaseAuth */,
				B9AA39D527BAC96800CD48E9 /* FirebaseFirestore */,
			);
			productName = TripNotes;
			productReference = B91E81392767A88E00D0748B /* TripNotes.app */;
			productType = "com.apple.product-type.application";
		};
		B9DE0D462768FD7900805E4C /* TripNotesTests */ = {
			isa = PBXNativeTarget;
			buildConfigurationList = B9DE0D4E2768FD7900805E4C /* Build configuration list for PBXNativeTarget "TripNotesTests" */;
			buildPhases = (
				B9DE0D432768FD7900805E4C /* Sources */,
				B9DE0D442768FD7900805E4C /* Frameworks */,
				B9DE0D452768FD7900805E4C /* Resources */,
			);
			buildRules = (
			);
			dependencies = (
				B9DE0D4D2768FD7900805E4C /* PBXTargetDependency */,
			);
			name = TripNotesTests;
			productName = TripNotesTests;
			productReference = B9DE0D472768FD7900805E4C /* TripNotesTests.xctest */;
			productType = "com.apple.product-type.bundle.unit-test";
		};
/* End PBXNativeTarget section */

/* Begin PBXProject section */
		B91E81312767A88E00D0748B /* Project object */ = {
			isa = PBXProject;
			attributes = {
				LastSwiftUpdateCheck = 1200;
				LastUpgradeCheck = 1200;
				TargetAttributes = {
					B91E81382767A88E00D0748B = {
						CreatedOnToolsVersion = 12.0.1;
					};
					B9DE0D462768FD7900805E4C = {
						CreatedOnToolsVersion = 12.0.1;
						TestTargetID = B91E81382767A88E00D0748B;
					};
				};
			};
			buildConfigurationList = B91E81342767A88E00D0748B /* Build configuration list for PBXProject "TripNotes" */;
			compatibilityVersion = "Xcode 9.3";
			developmentRegion = en;
			hasScannedForEncodings = 0;
			knownRegions = (
				en,
				Base,
			);
			mainGroup = B91E81302767A88E00D0748B;
			packageReferences = (
				B9AA39D027BAC96800CD48E9 /* XCRemoteSwiftPackageReference "firebase-ios-sdk" */,
			);
			productRefGroup = B91E813A2767A88E00D0748B /* Products */;
			projectDirPath = "";
			projectRoot = "";
			targets = (
				B91E81382767A88E00D0748B /* TripNotes */,
				B9DE0D462768FD7900805E4C /* TripNotesTests */,
			);
		};
/* End PBXProject section */

/* Begin PBXResourcesBuildPhase section */
		B91E81372767A88E00D0748B /* Resources */ = {
			isa = PBXResourcesBuildPhase;
			buildActionMask = 2147483647;
			files = (
				B91E81492767A88F00D0748B /* LaunchScreen.storyboard in Resources */,
				B91E81462767A88F00D0748B /* Assets.xcassets in Resources */,
				B9AA39DF27BAD08A00CD48E9 /* GoogleService-Info.plist in Resources */,
			);
			runOnlyForDeploymentPostprocessing = 0;
		};
		B9DE0D452768FD7900805E4C /* Resources */ = {
			isa = PBXResourcesBuildPhase;
			buildActionMask = 2147483647;
			files = (
				B9AA39E027BAD08A00CD48E9 /* GoogleService-Info.plist in Resources */,
			);
			runOnlyForDeploymentPostprocessing = 0;
		};
/* End PBXResourcesBuildPhase section */

/* Begin PBXSourcesBuildPhase section */
		B91E81352767A88E00D0748B /* Sources */ = {
			isa = PBXSourcesBuildPhase;
			buildActionMask = 2147483647;
			files = (
				B9F39E052767D28600DAFB4C /* TripTableViewCell.swift in Sources */,
				B90DB43C276F2D1500F1A544 /* Constants.swift in Sources */,
				B90B9A0C276D015A008DD627 /* TripTableViewCellViewModel.swift in Sources */,
				B98282DE27A07CB2006EFED8 /* NewAccountViewModel.swift in Sources */,
				B949FB0D27AEE4C700590F0E /* NoteLabel.swift in Sources */,
				B938B1F927DB91C500E205C6 /* NoLabel.swift in Sources */,
				B94439D827B84E09000DF640 /* Animator.swift in Sources */,
				B90DB444276F326000F1A544 /* Extension + Numeric.swift in Sources */,
				B949FB1927AEF0AE00590F0E /* Configurator.swift in Sources */,
				B9FB61182772336700126A59 /* NewTripViewController.swift in Sources */,
				B91E81532767A9AC00D0748B /* TabBarViewController.swift in Sources */,
				B9DE0D412768FD6400805E4C /* TripModel.swift in Sources */,
				B9698F2D279C5691005FB438 /* mapViewModel.swift in Sources */,
				B9DCF13E276BBE29007B0320 /* Extension + UIBarButtonItem.swift in Sources */,
				B90DB426276F134B00F1A544 /* NoteModel.swift in Sources */,
				B9E8670F27E1D3CF00C97E5E /* KeyboardHelper.swift in Sources */,
				B95FBCDD27D89050006FF5A8 /* CloseButton.swift in Sources */,
				B90DB44F276F54F100F1A544 /* NotesViewModel.swift in Sources */,
				B909AFDD277E3135006EFC38 /* Extension + UITextField.swift in Sources */,
				B90DB42E276F139700F1A544 /* Currency.swift in Sources */,
				B9FD6C0C278E043600311EF1 /* NewNoteViewModel.swift in Sources */,
				B90251CA27DA44A500788065 /* TripCellLabel.swift in Sources */,
				B95FBCE927D89857006FF5A8 /* SlideInPresentationManager.swift in Sources */,
				B90251B327DA205E00788065 /* CreateButton.swift in Sources */,
				B95FBCFC27D8B709006FF5A8 /* NetworkWeatherManager.swift in Sources */,
				B9863ABF27C1374100BE6337 /* AuthService.swift in Sources */,
				B90632F927AFE47E00F0C2A5 /* DetailNoteViewController.swift in Sources */,
				B90251AF27DA1EB700788065 /* WelcomeLabel.swift in Sources */,
				B91E81412767A88E00D0748B /* TripsViewController.swift in Sources */,
				B938B1F527DB50B400E205C6 /* FileStorageService.swift in Sources */,
				B9F39E082767D47A00DAFB4C /* Extension + UIColor.swift in Sources */,
				B9A0EF6B2774DDCE00DE65E2 /* SelectionButton.swift in Sources */,
				B9F296C527895C7F00844D6C /* NoteCellVewModel.swift in Sources */,
				B90251DE27DB3D7C00788065 /* BackButton.swift in Sources */,
				B91E813D2767A88E00D0748B /* AppDelegate.swift in Sources */,
				B90251B727DA221300788065 /* CreateLabel.swift in Sources */,
				B90251BF27DA2F0900788065 /* CreateNewAccountLabel.swift in Sources */,
				B90251D827DB3AE500788065 /* LikeButton.swift in Sources */,
				B97374BF27AC5CBE000B208D /* FavouritesViewModel.swift in Sources */,
				B93DD4C2279F23DA00D91A08 /* AuthTextField.swift in Sources */,
				B91E81562767AA4F00D0748B /* FavouritesViewController.swift in Sources */,
				B90251BB27DA264B00788065 /* WarningLabel.swift in Sources */,
				B95FBD0427D8B8D1006FF5A8 /* CurrentWeatherData.swift in Sources */,
				B93DD4B7279F19F400D91A08 /* AuthViewModel.swift in Sources */,
				B9DCF135276BAFF8007B0320 /* TripsViewModel.swift in Sources */,
				B905759B279458BB001EA8D1 /* SectionLabel.swift in Sources */,
				B9E85C3D276E6468004FD1D8 /* Extension + UIStackView.swift in Sources */,
				B938B1F127DB463D00E205C6 /* AdressButton.swift in Sources */,
				B90251D427DB35E800788065 /* EditDeleteNoteButton.swift in Sources */,
				B9F296C127895C4300844D6C /* NoteCell.swift in Sources */,
				B9FD6C08278E040900311EF1 /* NewNoteViewController.swift in Sources */,
				B95FBCED27D89B13006FF5A8 /* SlideInPresentationController.swift in Sources */,
				B98282D827A07C84006EFED8 /* NewAccountViewController.swift in Sources */,
				B919352C27F36C7B0095D1C9 /* FireBaseServiceErrors.swift in Sources */,
				B938B1FD27DC99B600E205C6 /* Extension + UIViewController.swift in Sources */,
				B90251C327DA3BF100788065 /* AddButton.swift in Sources */,
				B961212D279351FB00B7B81E /* SelectionLabel.swift in Sources */,
				B95FBCD127D7D6D5006FF5A8 /* WeatherViewModel.swift in Sources */,
				B90DB438276F14B100F1A544 /* DateFormatterService.swift in Sources */,
				B90DB44A276F532D00F1A544 /* NotesViewController.swift in Sources */,
				B9072FEC27E8D1A9008BE67C /* SearchController.swift in Sources */,
				B90251CE27DA477600788065 /* TotalSumLabel.swift in Sources */,
				B91E813F2767A88E00D0748B /* SceneDelegate.swift in Sources */,
				B95FBD0027D8B8AD006FF5A8 /* CurrentWeather.swift in Sources */,
				B9EBFB05277A3EDE00746A0A /* Extension + UIButton.swift in Sources */,
				B9FB61242772617000126A59 /* CustomTextField.swift in Sources */,
				B96648792799D65F00F527E8 /* MapViewController.swift in Sources */,
				B93DD4C8279F284300D91A08 /* SignInButton.swift in Sources */,
				B93DD4B3279F186C00D91A08 /* AuthViewController.swift in Sources */,
				B90DB440276F323000F1A544 /* Extension + Formatter.swift in Sources */,
				B912CFEF27ADB60E00AE1FCE /* NotesCollectionView.swift in Sources */,
				B9FB611C2772339500126A59 /* NewTripViewModel.swift in Sources */,
				B9863ABB27C1371F00BE6337 /* FireBaseService.swift in Sources */,
				B90DB42A276F137500F1A544 /* Category.swift in Sources */,
				B9698F23279C4689005FB438 /* LocationSevice.swift in Sources */,
				B9C2F1F527E08E9600A38B18 /* TabBarViewModel.swift in Sources */,
				B95FBCC727D7D58F006FF5A8 /* WeatherViewController.swift in Sources */,
			);
			runOnlyForDeploymentPostprocessing = 0;
		};
		B9DE0D432768FD7900805E4C /* Sources */ = {
			isa = PBXSourcesBuildPhase;
			buildActionMask = 2147483647;
			files = (
				B9DE0D592768FDAE00805E4C /* TabBarViewController.swift in Sources */,
				B9698F29279C53B8005FB438 /* NewNoteViewModel.swift in Sources */,
				B9AA39D927BACF9B00CD48E9 /* AppDelegate.swift in Sources */,
				B90A37E427784E830028B6F1 /* Extension + UIBarButtonItem.swift in Sources */,
				B95FBD0827D8BAD1006FF5A8 /* CurrentWeather.swift in Sources */,
				B98282D327A07BF3006EFED8 /* SignInButton.swift in Sources */,
				B9DE0D562768FDAB00805E4C /* TripTableViewCell.swift in Sources */,
				B93DD4BA279F1BCA00D91A08 /* AuthViewController.swift in Sources */,
				B95FBCE327D893FC006FF5A8 /* CloseButton.swift in Sources */,
				B9F63C5C27CA29F00021F02F /* AuthService.swift in Sources */,
				B966487E2799D66900F527E8 /* MapViewController.swift in Sources */,
				B95FBCF327D8ACA6006FF5A8 /* SlideInPresentationController.swift in Sources */,
				B90DB459276FB39200F1A544 /* TripTableViewCellViewModel.swift in Sources */,
				B912CFF227ADB66B00AE1FCE /* NotesCollectionView.swift in Sources */,
				B9D9FC14278F4E1D007710B4 /* SelectionButton.swift in Sources */,
				B909AFE0277E437D006EFC38 /* Extension + UITextField.swift in Sources */,
				B9DE0D5F2768FDB800805E4C /* TripModel.swift in Sources */,
				B98282E427A082CE006EFED8 /* NewAccountViewController.swift in Sources */,
				B9EBFB0A277A3EEA00746A0A /* Extension + UIButton.swift in Sources */,
				B9FB611F277236B400126A59 /* NewTripViewController.swift in Sources */,
				B949FB1027AEE4EA00590F0E /* NoteLabel.swift in Sources */,
				B98282E127A07CDA006EFED8 /* NewAccountViewModel.swift in Sources */,
				B9698F26279C52CC005FB438 /* LocationSevice.swift in Sources */,
				B961212827934BDE00B7B81E /* NoteModel.swift in Sources */,
				B95FBD0D27D8BAD6006FF5A8 /* CurrentWeatherData.swift in Sources */,
				B9D9FC11278F390B007710B4 /* NewNoteViewController.swift in Sources */,
				B95FBD1227D90D5E006FF5A8 /* NetworkWeatherManager.swift in Sources */,
				B949FB1E27AEF38800590F0E /* Configurator.swift in Sources */,
				B90DB456276FB38D00F1A544 /* NotesViewController.swift in Sources */,
				B95FBCD627D7D76C006FF5A8 /* WeatherViewController.swift in Sources */,
				B9FCE18E279D8A4900E06739 /* mapViewModel.swift in Sources */,
				B9EA410B27777D9A00CC173A /* NewTripViewModel.swift in Sources */,
				B9F018982770DF1D006F2DE7 /* TripsViewModel.swift in Sources */,
				B90632F227AFCF0900F0C2A5 /* NoteCellVewModel.swift in Sources */,
				B97374C227AC5CF8000B208D /* FavouritesViewModel.swift in Sources */,
				B90251C627DA3F1000788065 /* AddButton.swift in Sources */,
				B95FBCD927D7D76F006FF5A8 /* WeatherViewModel.swift in Sources */,
				B90DB45A276FB39E00F1A544 /* NotesViewModel.swift in Sources */,
				B95FBCF827D8B686006FF5A8 /* Constants.swift in Sources */,
				B9D9C8AF27C3EDF70003D34C /* FireBaseService.swift in Sources */,
				B90632FE27AFE47F00F0C2A5 /* DetailNoteViewController.swift in Sources */,
				B93DD4BD279F1BCC00D91A08 /* AuthViewModel.swift in Sources */,
				B95F0BBF27B986FC008BCAF6 /* Animator.swift in Sources */,
				B9DE0D4A2768FD7900805E4C /* TripNotesTests.swift in Sources */,
				B949FB2127AF1F7A00590F0E /* SceneDelegate.swift in Sources */,
				B9DE0D5C2768FDB100805E4C /* FavouritesViewController.swift in Sources */,
				B9DE0D532768FDA800805E4C /* TripsViewController.swift in Sources */,
				B9F296C8278964CE00844D6C /* NoteCell.swift in Sources */,
			);
			runOnlyForDeploymentPostprocessing = 0;
		};
/* End PBXSourcesBuildPhase section */

/* Begin PBXTargetDependency section */
		B9DE0D4D2768FD7900805E4C /* PBXTargetDependency */ = {
			isa = PBXTargetDependency;
			target = B91E81382767A88E00D0748B /* TripNotes */;
			targetProxy = B9DE0D4C2768FD7900805E4C /* PBXContainerItemProxy */;
		};
/* End PBXTargetDependency section */

/* Begin PBXVariantGroup section */
		B91E81472767A88F00D0748B /* LaunchScreen.storyboard */ = {
			isa = PBXVariantGroup;
			children = (
				B91E81482767A88F00D0748B /* Base */,
			);
			name = LaunchScreen.storyboard;
			sourceTree = "<group>";
		};
/* End PBXVariantGroup section */

/* Begin XCBuildConfiguration section */
		B91E814B2767A88F00D0748B /* Debug */ = {
			isa = XCBuildConfiguration;
			buildSettings = {
				ALWAYS_SEARCH_USER_PATHS = NO;
				CLANG_ANALYZER_NONNULL = YES;
				CLANG_ANALYZER_NUMBER_OBJECT_CONVERSION = YES_AGGRESSIVE;
				CLANG_CXX_LANGUAGE_STANDARD = "gnu++14";
				CLANG_CXX_LIBRARY = "libc++";
				CLANG_ENABLE_MODULES = YES;
				CLANG_ENABLE_OBJC_ARC = YES;
				CLANG_ENABLE_OBJC_WEAK = YES;
				CLANG_WARN_BLOCK_CAPTURE_AUTORELEASING = YES;
				CLANG_WARN_BOOL_CONVERSION = YES;
				CLANG_WARN_COMMA = YES;
				CLANG_WARN_CONSTANT_CONVERSION = YES;
				CLANG_WARN_DEPRECATED_OBJC_IMPLEMENTATIONS = YES;
				CLANG_WARN_DIRECT_OBJC_ISA_USAGE = YES_ERROR;
				CLANG_WARN_DOCUMENTATION_COMMENTS = YES;
				CLANG_WARN_EMPTY_BODY = YES;
				CLANG_WARN_ENUM_CONVERSION = YES;
				CLANG_WARN_INFINITE_RECURSION = YES;
				CLANG_WARN_INT_CONVERSION = YES;
				CLANG_WARN_NON_LITERAL_NULL_CONVERSION = YES;
				CLANG_WARN_OBJC_IMPLICIT_RETAIN_SELF = YES;
				CLANG_WARN_OBJC_LITERAL_CONVERSION = YES;
				CLANG_WARN_OBJC_ROOT_CLASS = YES_ERROR;
				CLANG_WARN_QUOTED_INCLUDE_IN_FRAMEWORK_HEADER = YES;
				CLANG_WARN_RANGE_LOOP_ANALYSIS = YES;
				CLANG_WARN_STRICT_PROTOTYPES = YES;
				CLANG_WARN_SUSPICIOUS_MOVE = YES;
				CLANG_WARN_UNGUARDED_AVAILABILITY = YES_AGGRESSIVE;
				CLANG_WARN_UNREACHABLE_CODE = YES;
				CLANG_WARN__DUPLICATE_METHOD_MATCH = YES;
				CODE_SIGN_IDENTITY = "Apple Development";
				COPY_PHASE_STRIP = NO;
				DEBUG_INFORMATION_FORMAT = dwarf;
				DEVELOPMENT_TEAM = Y994MRWU9A;
				ENABLE_STRICT_OBJC_MSGSEND = YES;
				ENABLE_TESTABILITY = YES;
				GCC_C_LANGUAGE_STANDARD = gnu11;
				GCC_DYNAMIC_NO_PIC = NO;
				GCC_NO_COMMON_BLOCKS = YES;
				GCC_OPTIMIZATION_LEVEL = 0;
				GCC_PREPROCESSOR_DEFINITIONS = (
					"DEBUG=1",
					"$(inherited)",
				);
				GCC_WARN_64_TO_32_BIT_CONVERSION = YES;
				GCC_WARN_ABOUT_RETURN_TYPE = YES_ERROR;
				GCC_WARN_UNDECLARED_SELECTOR = YES;
				GCC_WARN_UNINITIALIZED_AUTOS = YES_AGGRESSIVE;
				GCC_WARN_UNUSED_FUNCTION = YES;
				GCC_WARN_UNUSED_VARIABLE = YES;
				IPHONEOS_DEPLOYMENT_TARGET = 14.0;
				MTL_ENABLE_DEBUG_INFO = INCLUDE_SOURCE;
				MTL_FAST_MATH = YES;
				ONLY_ACTIVE_ARCH = YES;
				SDKROOT = iphoneos;
				SWIFT_ACTIVE_COMPILATION_CONDITIONS = DEBUG;
				SWIFT_OPTIMIZATION_LEVEL = "-Onone";
			};
			name = Debug;
		};
		B91E814C2767A88F00D0748B /* Release */ = {
			isa = XCBuildConfiguration;
			buildSettings = {
				ALWAYS_SEARCH_USER_PATHS = NO;
				CLANG_ANALYZER_NONNULL = YES;
				CLANG_ANALYZER_NUMBER_OBJECT_CONVERSION = YES_AGGRESSIVE;
				CLANG_CXX_LANGUAGE_STANDARD = "gnu++14";
				CLANG_CXX_LIBRARY = "libc++";
				CLANG_ENABLE_MODULES = YES;
				CLANG_ENABLE_OBJC_ARC = YES;
				CLANG_ENABLE_OBJC_WEAK = YES;
				CLANG_WARN_BLOCK_CAPTURE_AUTORELEASING = YES;
				CLANG_WARN_BOOL_CONVERSION = YES;
				CLANG_WARN_COMMA = YES;
				CLANG_WARN_CONSTANT_CONVERSION = YES;
				CLANG_WARN_DEPRECATED_OBJC_IMPLEMENTATIONS = YES;
				CLANG_WARN_DIRECT_OBJC_ISA_USAGE = YES_ERROR;
				CLANG_WARN_DOCUMENTATION_COMMENTS = YES;
				CLANG_WARN_EMPTY_BODY = YES;
				CLANG_WARN_ENUM_CONVERSION = YES;
				CLANG_WARN_INFINITE_RECURSION = YES;
				CLANG_WARN_INT_CONVERSION = YES;
				CLANG_WARN_NON_LITERAL_NULL_CONVERSION = YES;
				CLANG_WARN_OBJC_IMPLICIT_RETAIN_SELF = YES;
				CLANG_WARN_OBJC_LITERAL_CONVERSION = YES;
				CLANG_WARN_OBJC_ROOT_CLASS = YES_ERROR;
				CLANG_WARN_QUOTED_INCLUDE_IN_FRAMEWORK_HEADER = YES;
				CLANG_WARN_RANGE_LOOP_ANALYSIS = YES;
				CLANG_WARN_STRICT_PROTOTYPES = YES;
				CLANG_WARN_SUSPICIOUS_MOVE = YES;
				CLANG_WARN_UNGUARDED_AVAILABILITY = YES_AGGRESSIVE;
				CLANG_WARN_UNREACHABLE_CODE = YES;
				CLANG_WARN__DUPLICATE_METHOD_MATCH = YES;
				CODE_SIGN_IDENTITY = "Apple Development";
				COPY_PHASE_STRIP = NO;
				DEBUG_INFORMATION_FORMAT = "dwarf-with-dsym";
				DEVELOPMENT_TEAM = Y994MRWU9A;
				ENABLE_NS_ASSERTIONS = NO;
				ENABLE_STRICT_OBJC_MSGSEND = YES;
				GCC_C_LANGUAGE_STANDARD = gnu11;
				GCC_NO_COMMON_BLOCKS = YES;
				GCC_WARN_64_TO_32_BIT_CONVERSION = YES;
				GCC_WARN_ABOUT_RETURN_TYPE = YES_ERROR;
				GCC_WARN_UNDECLARED_SELECTOR = YES;
				GCC_WARN_UNINITIALIZED_AUTOS = YES_AGGRESSIVE;
				GCC_WARN_UNUSED_FUNCTION = YES;
				GCC_WARN_UNUSED_VARIABLE = YES;
				IPHONEOS_DEPLOYMENT_TARGET = 14.0;
				MTL_ENABLE_DEBUG_INFO = NO;
				MTL_FAST_MATH = YES;
				SDKROOT = iphoneos;
				SWIFT_COMPILATION_MODE = wholemodule;
				SWIFT_OPTIMIZATION_LEVEL = "-O";
				VALIDATE_PRODUCT = YES;
			};
			name = Release;
		};
		B91E814E2767A88F00D0748B /* Debug */ = {
			isa = XCBuildConfiguration;
			buildSettings = {
				ASSETCATALOG_COMPILER_APPICON_NAME = AppIcon;
				ASSETCATALOG_COMPILER_GLOBAL_ACCENT_COLOR_NAME = AccentColor;
				CODE_SIGN_STYLE = Automatic;
				DEVELOPMENT_TEAM = Y994MRWU9A;
				INFOPLIST_FILE = TripNotes/Info.plist;
				LD_RUNPATH_SEARCH_PATHS = (
					"$(inherited)",
					"@executable_path/Frameworks",
				);
				PRODUCT_BUNDLE_IDENTIFIER = swift.ru.TripNotes;
				PRODUCT_NAME = "$(TARGET_NAME)";
				SWIFT_VERSION = 5.0;
				TARGETED_DEVICE_FAMILY = "1,2";
			};
			name = Debug;
		};
		B91E814F2767A88F00D0748B /* Release */ = {
			isa = XCBuildConfiguration;
			buildSettings = {
				ASSETCATALOG_COMPILER_APPICON_NAME = AppIcon;
				ASSETCATALOG_COMPILER_GLOBAL_ACCENT_COLOR_NAME = AccentColor;
				CODE_SIGN_STYLE = Automatic;
				DEVELOPMENT_TEAM = Y994MRWU9A;
				INFOPLIST_FILE = TripNotes/Info.plist;
				LD_RUNPATH_SEARCH_PATHS = (
					"$(inherited)",
					"@executable_path/Frameworks",
				);
				PRODUCT_BUNDLE_IDENTIFIER = swift.ru.TripNotes;
				PRODUCT_NAME = "$(TARGET_NAME)";
				SWIFT_VERSION = 5.0;
				TARGETED_DEVICE_FAMILY = "1,2";
			};
			name = Release;
		};
		B9DE0D4F2768FD7900805E4C /* Debug */ = {
			isa = XCBuildConfiguration;
			buildSettings = {
				BUNDLE_LOADER = "$(TEST_HOST)";
				CODE_SIGN_STYLE = Automatic;
				DEVELOPMENT_TEAM = Y994MRWU9A;
				INFOPLIST_FILE = TripNotesTests/Info.plist;
				LD_RUNPATH_SEARCH_PATHS = (
					"$(inherited)",
					"@executable_path/Frameworks",
					"@loader_path/Frameworks",
				);
				PRODUCT_BUNDLE_IDENTIFIER = swift.ru.TripNotesTests;
				PRODUCT_NAME = "$(TARGET_NAME)";
				SWIFT_VERSION = 5.0;
				TARGETED_DEVICE_FAMILY = "1,2";
				TEST_HOST = "$(BUILT_PRODUCTS_DIR)/TripNotes.app/TripNotes";
			};
			name = Debug;
		};
		B9DE0D502768FD7900805E4C /* Release */ = {
			isa = XCBuildConfiguration;
			buildSettings = {
				BUNDLE_LOADER = "$(TEST_HOST)";
				CODE_SIGN_STYLE = Automatic;
				DEVELOPMENT_TEAM = Y994MRWU9A;
				INFOPLIST_FILE = TripNotesTests/Info.plist;
				LD_RUNPATH_SEARCH_PATHS = (
					"$(inherited)",
					"@executable_path/Frameworks",
					"@loader_path/Frameworks",
				);
				PRODUCT_BUNDLE_IDENTIFIER = swift.ru.TripNotesTests;
				PRODUCT_NAME = "$(TARGET_NAME)";
				SWIFT_VERSION = 5.0;
				TARGETED_DEVICE_FAMILY = "1,2";
				TEST_HOST = "$(BUILT_PRODUCTS_DIR)/TripNotes.app/TripNotes";
			};
			name = Release;
		};
/* End XCBuildConfiguration section */

/* Begin XCConfigurationList section */
		B91E81342767A88E00D0748B /* Build configuration list for PBXProject "TripNotes" */ = {
			isa = XCConfigurationList;
			buildConfigurations = (
				B91E814B2767A88F00D0748B /* Debug */,
				B91E814C2767A88F00D0748B /* Release */,
			);
			defaultConfigurationIsVisible = 0;
			defaultConfigurationName = Release;
		};
		B91E814D2767A88F00D0748B /* Build configuration list for PBXNativeTarget "TripNotes" */ = {
			isa = XCConfigurationList;
			buildConfigurations = (
				B91E814E2767A88F00D0748B /* Debug */,
				B91E814F2767A88F00D0748B /* Release */,
			);
			defaultConfigurationIsVisible = 0;
			defaultConfigurationName = Release;
		};
		B9DE0D4E2768FD7900805E4C /* Build configuration list for PBXNativeTarget "TripNotesTests" */ = {
			isa = XCConfigurationList;
			buildConfigurations = (
				B9DE0D4F2768FD7900805E4C /* Debug */,
				B9DE0D502768FD7900805E4C /* Release */,
			);
			defaultConfigurationIsVisible = 0;
			defaultConfigurationName = Release;
		};
/* End XCConfigurationList section */

/* Begin XCRemoteSwiftPackageReference section */
		B9AA39D027BAC96800CD48E9 /* XCRemoteSwiftPackageReference "firebase-ios-sdk" */ = {
			isa = XCRemoteSwiftPackageReference;
			repositoryURL = "https://github.com/firebase/firebase-ios-sdk";
			requirement = {
				branch = master;
				kind = branch;
			};
		};
/* End XCRemoteSwiftPackageReference section */

/* Begin XCSwiftPackageProductDependency section */
		B9AA39D127BAC96800CD48E9 /* FirebaseAnalytics */ = {
			isa = XCSwiftPackageProductDependency;
			package = B9AA39D027BAC96800CD48E9 /* XCRemoteSwiftPackageReference "firebase-ios-sdk" */;
			productName = FirebaseAnalytics;
		};
		B9AA39D327BAC96800CD48E9 /* FirebaseAuth */ = {
			isa = XCSwiftPackageProductDependency;
			package = B9AA39D027BAC96800CD48E9 /* XCRemoteSwiftPackageReference "firebase-ios-sdk" */;
			productName = FirebaseAuth;
		};
		B9AA39D527BAC96800CD48E9 /* FirebaseFirestore */ = {
			isa = XCSwiftPackageProductDependency;
			package = B9AA39D027BAC96800CD48E9 /* XCRemoteSwiftPackageReference "firebase-ios-sdk" */;
			productName = FirebaseFirestore;
		};
/* End XCSwiftPackageProductDependency section */
	};
	rootObject = B91E81312767A88E00D0748B /* Project object */;
}
